
Microsoft Visual Studio Solution File, Format Version 12.00
# Visual Studio Version 17
VisualStudioVersion = 17.0.32112.339
MinimumVisualStudioVersion = 10.0.40219.1
Project("{9A19103F-16F7-4668-BE54-9A1E7A4F7556}") = "KampIntro", "KampIntro\KampIntro.csproj", "{767682C9-A2BA-4EBF-B0CF-FE9960F6508F}"
EndProject
Project("{9A19103F-16F7-4668-BE54-9A1E7A4F7556}") = "ClassIntro", "ClassIntro\ClassIntro.csproj", "{E6011566-B699-4C8F-A9E1-513AED9100D9}"
EndProject
Project("{9A19103F-16F7-4668-BE54-9A1E7A4F7556}") = "Methods", "Methods\Methods.csproj", "{0BF31291-B193-4EC0-8EBC-CE26CD42E321}"
EndProject
Project("{9A19103F-16F7-4668-BE54-9A1E7A4F7556}") = "Math", "Math\Math.csproj", "{8D2D2118-F8AB-4C02-89AE-2CC52FB11C2B}"
EndProject
Project("{9A19103F-16F7-4668-BE54-9A1E7A4F7556}") = "OOP1", "OOP1\OOP1.csproj", "{65F8CCCA-D5A8-46B3-9D50-B07430B1AB84}"
EndProject
Project("{9A19103F-16F7-4668-BE54-9A1E7A4F7556}") = "Collections", "Collections\Collections.csproj", "{791C42B3-2C39-44E9-9C53-24ED01F4F2E7}"
EndProject
Project("{9A19103F-16F7-4668-BE54-9A1E7A4F7556}") = "Constructors", "Constructors\Constructors.csproj", "{81B8ACAE-9235-4BA6-96DF-683BEB5ACBDD}"
EndProject
Project("{FAE04EC0-301F-11D3-BF4B-00C04F79EFBC}") = "OOP2", "OOP2\OOP2.csproj", "{BB4EEEE6-7C2C-4257-8939-E67EEAE4652D}"
EndProject
Project("{FAE04EC0-301F-11D3-BF4B-00C04F79EFBC}") = "OOP3", "OOP3\OOP3.csproj", "{8B9F0821-D249-4BAD-A2B0-6B05D168EA4A}"
EndProject
Global
	GlobalSection(SolutionConfigurationPlatforms) = preSolution
		Debug|Any CPU = Debug|Any CPU
		Release|Any CPU = Release|Any CPU
	EndGlobalSection
	GlobalSection(ProjectConfigurationPlatforms) = postSolution
		{767682C9-A2BA-4EBF-B0CF-FE9960F6508F}.Debug|Any CPU.ActiveCfg = Debug|Any CPU
		{767682C9-A2BA-4EBF-B0CF-FE9960F6508F}.Debug|Any CPU.Build.0 = Debug|Any CPU
		{767682C9-A2BA-4EBF-B0CF-FE9960F6508F}.Release|Any CPU.ActiveCfg = Release|Any CPU
		{767682C9-A2BA-4EBF-B0CF-FE9960F6508F}.Release|Any CPU.Build.0 = Release|Any CPU
		{E6011566-B699-4C8F-A9E1-513AED9100D9}.Debug|Any CPU.ActiveCfg = Debug|Any CPU
		{E6011566-B699-4C8F-A9E1-513AED9100D9}.Debug|Any CPU.Build.0 = Debug|Any CPU
		{E6011566-B699-4C8F-A9E1-513AED9100D9}.Release|Any CPU.ActiveCfg = Release|Any CPU
		{E6011566-B699-4C8F-A9E1-513AED9100D9}.Release|Any CPU.Build.0 = Release|Any CPU
		{0BF31291-B193-4EC0-8EBC-CE26CD42E321}.Debug|Any CPU.ActiveCfg = Debug|Any CPU
		{0BF31291-B193-4EC0-8EBC-CE26CD42E321}.Debug|Any CPU.Build.0 = Debug|Any CPU
		{0BF31291-B193-4EC0-8EBC-CE26CD42E321}.Release|Any CPU.ActiveCfg = Release|Any CPU
		{0BF31291-B193-4EC0-8EBC-CE26CD42E321}.Release|Any CPU.Build.0 = Release|Any CPU
		{8D2D2118-F8AB-4C02-89AE-2CC52FB11C2B}.Debug|Any CPU.ActiveCfg = Debug|Any CPU
		{8D2D2118-F8AB-4C02-89AE-2CC52FB11C2B}.Debug|Any CPU.Build.0 = Debug|Any CPU
		{8D2D2118-F8AB-4C02-89AE-2CC52FB11C2B}.Release|Any CPU.ActiveCfg = Release|Any CPU
		{8D2D2118-F8AB-4C02-89AE-2CC52FB11C2B}.Release|Any CPU.Build.0 = Release|Any CPU
		{65F8CCCA-D5A8-46B3-9D50-B07430B1AB84}.Debug|Any CPU.ActiveCfg = Debug|Any CPU
		{65F8CCCA-D5A8-46B3-9D50-B07430B1AB84}.Debug|Any CPU.Build.0 = Debug|Any CPU
		{65F8CCCA-D5A8-46B3-9D50-B07430B1AB84}.Release|Any CPU.ActiveCfg = Release|Any CPU
		{65F8CCCA-D5A8-46B3-9D50-B07430B1AB84}.Release|Any CPU.Build.0 = Release|Any CPU
		{791C42B3-2C39-44E9-9C53-24ED01F4F2E7}.Debug|Any CPU.ActiveCfg = Debug|Any CPU
		{791C42B3-2C39-44E9-9C53-24ED01F4F2E7}.Debug|Any CPU.Build.0 = Debug|Any CPU
		{791C42B3-2C39-44E9-9C53-24ED01F4F2E7}.Release|Any CPU.ActiveCfg = Release|Any CPU
		{791C42B3-2C39-44E9-9C53-24ED01F4F2E7}.Release|Any CPU.Build.0 = Release|Any CPU
		{81B8ACAE-9235-4BA6-96DF-683BEB5ACBDD}.Debug|Any CPU.ActiveCfg = Debug|Any CPU
		{81B8ACAE-9235-4BA6-96DF-683BEB5ACBDD}.Debug|Any CPU.Build.0 = Debug|Any CPU
		{81B8ACAE-9235-4BA6-96DF-683BEB5ACBDD}.Release|Any CPU.ActiveCfg = Release|Any CPU
		{81B8ACAE-9235-4BA6-96DF-683BEB5ACBDD}.Release|Any CPU.Build.0 = Release|Any CPU
		{BB4EEEE6-7C2C-4257-8939-E67EEAE4652D}.Debug|Any CPU.ActiveCfg = Debug|Any CPU
		{BB4EEEE6-7C2C-4257-8939-E67EEAE4652D}.Debug|Any CPU.Build.0 = Debug|Any CPU
		{BB4EEEE6-7C2C-4257-8939-E67EEAE4652D}.Release|Any CPU.ActiveCfg = Release|Any CPU
		{BB4EEEE6-7C2C-4257-8939-E67EEAE4652D}.Release|Any CPU.Build.0 = Release|Any CPU
		{8B9F0821-D249-4BAD-A2B0-6B05D168EA4A}.Debug|Any CPU.ActiveCfg = Debug|Any CPU
		{8B9F0821-D249-4BAD-A2B0-6B05D168EA4A}.Debug|Any CPU.Build.0 = Debug|Any CPU
		{8B9F0821-D249-4BAD-A2B0-6B05D168EA4A}.Release|Any CPU.ActiveCfg = Release|Any CPU
		{8B9F0821-D249-4BAD-A2B0-6B05D168EA4A}.Release|Any CPU.Build.0 = Release|Any CPU
	EndGlobalSection
	GlobalSection(SolutionProperties) = preSolution
		HideSolutionNode = FALSE
	EndGlobalSection
	GlobalSection(ExtensibilityGlobals) = postSolution
		SolutionGuid = {ACE9690C-8FCD-4C6C-AFE9-67377D072779}
	EndGlobalSection
EndGlobal
